
Microsoft Visual Studio Solution File, Format Version 12.00
# Visual Studio Version 17
VisualStudioVersion = 17.6.33712.159
MinimumVisualStudioVersion = 10.0.40219.1
Project("{FAE04EC0-301F-11D3-BF4B-00C04F79EFBC}") = "MyFirstProgram", "MyFirstProgram\MyFirstProgram.csproj", "{9C0CD3EB-1317-439F-9CD9-AB82DA122DD0}"
EndProject
Global
	GlobalSection(SolutionConfigurationPlatforms) = preSolution
		Debug|Any CPU = Debug|Any CPU
		Release|Any CPU = Release|Any CPU
	EndGlobalSection
	GlobalSection(ProjectConfigurationPlatforms) = postSolution
		{9C0CD3EB-1317-439F-9CD9-AB82DA122DD0}.Debug|Any CPU.ActiveCfg = Debug|Any CPU
		{9C0CD3EB-1317-439F-9CD9-AB82DA122DD0}.Debug|Any CPU.Build.0 = Debug|Any CPU
		{9C0CD3EB-1317-439F-9CD9-AB82DA122DD0}.Release|Any CPU.ActiveCfg = Release|Any CPU
		{9C0CD3EB-1317-439F-9CD9-AB82DA122DD0}.Release|Any CPU.Build.0 = Release|Any CPU
	EndGlobalSection
	GlobalSection(SolutionProperties) = preSolution
		HideSolutionNode = FALSE
	EndGlobalSection
	GlobalSection(ExtensibilityGlobals) = postSolution
		SolutionGuid = {D9806AF8-A758-404F-9E53-4634488FB165}
	EndGlobalSection
EndGlobal
